
Microsoft Visual Studio Solution File, Format Version 12.00
# Visual Studio Version 16
VisualStudioVersion = 25.0.1705.5
MinimumVisualStudioVersion = 10.0.40219.1
Project("{FAE04EC0-301F-11D3-BF4B-00C04F79EFBC}") = "BookProgram", "BookProgram\BookProgram.csproj", "{F92EE1D6-12AE-415B-861E-AFB8F7E8AFD6}"
EndProject
Global
	GlobalSection(SolutionConfigurationPlatforms) = preSolution
		Debug|Any CPU = Debug|Any CPU
		Release|Any CPU = Release|Any CPU
	EndGlobalSection
	GlobalSection(ProjectConfigurationPlatforms) = postSolution
		{F92EE1D6-12AE-415B-861E-AFB8F7E8AFD6}.Debug|Any CPU.ActiveCfg = Debug|Any CPU
		{F92EE1D6-12AE-415B-861E-AFB8F7E8AFD6}.Debug|Any CPU.Build.0 = Debug|Any CPU
		{F92EE1D6-12AE-415B-861E-AFB8F7E8AFD6}.Release|Any CPU.ActiveCfg = Release|Any CPU
		{F92EE1D6-12AE-415B-861E-AFB8F7E8AFD6}.Release|Any CPU.Build.0 = Release|Any CPU
	EndGlobalSection
	GlobalSection(SolutionProperties) = preSolution
		HideSolutionNode = FALSE
	EndGlobalSection
	GlobalSection(ExtensibilityGlobals) = postSolution
		SolutionGuid = {06AD29B3-C8EB-4590-8AE5-E73B840E638B}
	EndGlobalSection
EndGlobal
